
Microsoft Visual Studio Solution File, Format Version 12.00
# Visual Studio 15
VisualStudioVersion = 15.0.28010.2019
MinimumVisualStudioVersion = 10.0.40219.1
Project("{8BC9CEB8-8B4A-11D0-8D11-00A0C91BC942}") = "Computer Graphics", "Computer Graphics\Computer Graphics.vcxproj", "{F999C119-8807-4659-92CE-1EF36D521327}"
EndProject
Global
	GlobalSection(SolutionConfigurationPlatforms) = preSolution
		Debug|x64 = Debug|x64
		Debug|x86 = Debug|x86
		Release|x64 = Release|x64
		Release|x86 = Release|x86
	EndGlobalSection
	GlobalSection(ProjectConfigurationPlatforms) = postSolution
		{F999C119-8807-4659-92CE-1EF36D521327}.Debug|x64.ActiveCfg = Debug|x64
		{F999C119-8807-4659-92CE-1EF36D521327}.Debug|x64.Build.0 = Debug|x64
		{F999C119-8807-4659-92CE-1EF36D521327}.Debug|x86.ActiveCfg = Debug|Win32
		{F999C119-8807-4659-92CE-1EF36D521327}.Debug|x86.Build.0 = Debug|Win32
		{F999C119-8807-4659-92CE-1EF36D521327}.Release|x64.ActiveCfg = Release|x64
		{F999C119-8807-4659-92CE-1EF36D521327}.Release|x64.Build.0 = Release|x64
		{F999C119-8807-4659-92CE-1EF36D521327}.Release|x86.ActiveCfg = Release|Win32
		{F999C119-8807-4659-92CE-1EF36D521327}.Release|x86.Build.0 = Release|Win32
	EndGlobalSection
	GlobalSection(SolutionProperties) = preSolution
		HideSolutionNode = FALSE
	EndGlobalSection
	GlobalSection(ExtensibilityGlobals) = postSolution
		SolutionGuid = {AAA5B5E4-9800-4A26-91AA-B8CC900BE240}
	EndGlobalSection
EndGlobal
